// !$*UTF8*$!
{
	archiveVersion = 1;
	classes = {
	};
	objectVersion = 46;
	objects = {

/* Begin PBXBuildFile section */
		9619AE3C1CB5F6EC00CBA6CB /* main.m in Sources */ = {isa = PBXBuildFile; fileRef = 9619AE3B1CB5F6EC00CBA6CB /* main.m */; };
		9619AE3F1CB5F6EC00CBA6CB /* AppDelegate.m in Sources */ = {isa = PBXBuildFile; fileRef = 9619AE3E1CB5F6EC00CBA6CB /* AppDelegate.m */; };
		9619AE421CB5F6EC00CBA6CB /* ViewController.m in Sources */ = {isa = PBXBuildFile; fileRef = 9619AE411CB5F6EC00CBA6CB /* ViewController.m */; };
		9619AE451CB5F6EC00CBA6CB /* Main.storyboard in Resources */ = {isa = PBXBuildFile; fileRef = 9619AE431CB5F6EC00CBA6CB /* Main.storyboard */; };
		9619AE471CB5F6EC00CBA6CB /* Assets.xcassets in Resources */ = {isa = PBXBuildFile; fileRef = 9619AE461CB5F6EC00CBA6CB /* Assets.xcassets */; };
		9619AE4A1CB5F6EC00CBA6CB /* LaunchScreen.storyboard in Resources */ = {isa = PBXBuildFile; fileRef = 9619AE481CB5F6EC00CBA6CB /* LaunchScreen.storyboard */; };
		9619AE551CB5F6EC00CBA6CB /* DJPhotoBrowserTests.m in Sources */ = {isa = PBXBuildFile; fileRef = 9619AE541CB5F6EC00CBA6CB /* DJPhotoBrowserTests.m */; };
		9619AE601CB5F6ED00CBA6CB /* DJPhotoBrowserUITests.m in Sources */ = {isa = PBXBuildFile; fileRef = 9619AE5F1CB5F6ED00CBA6CB /* DJPhotoBrowserUITests.m */; };
		9619AE6E1CB5F70300CBA6CB /* data.json in Resources */ = {isa = PBXBuildFile; fileRef = 9619AE6D1CB5F70300CBA6CB /* data.json */; };
		9619AE771CB5F78000CBA6CB /* DJBrowserImageView.m in Sources */ = {isa = PBXBuildFile; fileRef = 9619AE711CB5F78000CBA6CB /* DJBrowserImageView.m */; };
		9619AE781CB5F78000CBA6CB /* DJPhotoBrowser.m in Sources */ = {isa = PBXBuildFile; fileRef = 9619AE731CB5F78000CBA6CB /* DJPhotoBrowser.m */; };
		9619AE791CB5F78000CBA6CB /* DJWaitingView.m in Sources */ = {isa = PBXBuildFile; fileRef = 9619AE761CB5F78000CBA6CB /* DJWaitingView.m */; };
		9619AEAE1CB6014D00CBA6CB /* CollectionViewCell.m in Sources */ = {isa = PBXBuildFile; fileRef = 9619AEAD1CB6014D00CBA6CB /* CollectionViewCell.m */; };
		9619AEB01CB6025800CBA6CB /* place.png in Resources */ = {isa = PBXBuildFile; fileRef = 9619AEAF1CB6025800CBA6CB /* place.png */; };
		A82A192BB374A597F688EE93 /* libPods-DJPhotoBrowser.a in Frameworks */ = {isa = PBXBuildFile; fileRef = E3FAE546CEF5AF37FB6B4326 /* libPods-DJPhotoBrowser.a */; };
/* End PBXBuildFile section */

/* Begin PBXContainerItemProxy section */
		9619AE511CB5F6EC00CBA6CB /* PBXContainerItemProxy */ = {
			isa = PBXContainerItemProxy;
			containerPortal = 9619AE2F1CB5F6EC00CBA6CB /* Project object */;
			proxyType = 1;
			remoteGlobalIDString = 9619AE361CB5F6EC00CBA6CB;
			remoteInfo = DJPhotoBrowser;
		};
		9619AE5C1CB5F6ED00CBA6CB /* PBXContainerItemProxy */ = {
			isa = PBXContainerItemProxy;
			containerPortal = 9619AE2F1CB5F6EC00CBA6CB /* Project object */;
			proxyType = 1;
			remoteGlobalIDString = 9619AE361CB5F6EC00CBA6CB;
			remoteInfo = DJPhotoBrowser;
		};
/* End PBXContainerItemProxy section */

/* Begin PBXFileReference section */
		637EC3C0DDCC79C137D9C469 /* Pods-DJPhotoBrowser.release.xcconfig */ = {isa = PBXFileReference; includeInIndex = 1; lastKnownFileType = text.xcconfig; name = "Pods-DJPhotoBrowser.release.xcconfig"; path = "Pods/Target Support Files/Pods-DJPhotoBrowser/Pods-DJPhotoBrowser.release.xcconfig"; sourceTree = "<group>"; };
		6F395D631340605161EF4B0D /* Pods-DJPhotoBrowser.debug.xcconfig */ = {isa = PBXFileReference; includeInIndex = 1; lastKnownFileType = text.xcconfig; name = "Pods-DJPhotoBrowser.debug.xcconfig"; path = "Pods/Target Support Files/Pods-DJPhotoBrowser/Pods-DJPhotoBrowser.debug.xcconfig"; sourceTree = "<group>"; };
		9619AE371CB5F6EC00CBA6CB /* DJPhotoBrowser.app */ = {isa = PBXFileReference; explicitFileType = wrapper.application; includeInIndex = 0; path = DJPhotoBrowser.app; sourceTree = BUILT_PRODUCTS_DIR; };
		9619AE3B1CB5F6EC00CBA6CB /* main.m */ = {isa = PBXFileReference; lastKnownFileType = sourcecode.c.objc; path = main.m; sourceTree = "<group>"; };
		9619AE3D1CB5F6EC00CBA6CB /* AppDelegate.h */ = {isa = PBXFileReference; lastKnownFileType = sourcecode.c.h; path = AppDelegate.h; sourceTree = "<group>"; };
		9619AE3E1CB5F6EC00CBA6CB /* AppDelegate.m */ = {isa = PBXFileReference; lastKnownFileType = sourcecode.c.objc; path = AppDelegate.m; sourceTree = "<group>"; };
		9619AE401CB5F6EC00CBA6CB /* ViewController.h */ = {isa = PBXFileReference; lastKnownFileType = sourcecode.c.h; path = ViewController.h; sourceTree = "<group>"; };
		9619AE411CB5F6EC00CBA6CB /* ViewController.m */ = {isa = PBXFileReference; lastKnownFileType = sourcecode.c.objc; path = ViewController.m; sourceTree = "<group>"; };
		9619AE441CB5F6EC00CBA6CB /* Base */ = {isa = PBXFileReference; lastKnownFileType = file.storyboard; name = Base; path = Base.lproj/Main.storyboard; sourceTree = "<group>"; };
		9619AE461CB5F6EC00CBA6CB /* Assets.xcassets */ = {isa = PBXFileReference; lastKnownFileType = folder.assetcatalog; path = Assets.xcassets; sourceTree = "<group>"; };
		9619AE491CB5F6EC00CBA6CB /* Base */ = {isa = PBXFileReference; lastKnownFileType = file.storyboard; name = Base; path = Base.lproj/LaunchScreen.storyboard; sourceTree = "<group>"; };
		9619AE4B1CB5F6EC00CBA6CB /* Info.plist */ = {isa = PBXFileReference; lastKnownFileType = text.plist.xml; path = Info.plist; sourceTree = "<group>"; };
		9619AE501CB5F6EC00CBA6CB /* DJPhotoBrowserTests.xctest */ = {isa = PBXFileReference; explicitFileType = wrapper.cfbundle; includeInIndex = 0; path = DJPhotoBrowserTests.xctest; sourceTree = BUILT_PRODUCTS_DIR; };
		9619AE541CB5F6EC00CBA6CB /* DJPhotoBrowserTests.m */ = {isa = PBXFileReference; lastKnownFileType = sourcecode.c.objc; path = DJPhotoBrowserTests.m; sourceTree = "<group>"; };
		9619AE561CB5F6EC00CBA6CB /* Info.plist */ = {isa = PBXFileReference; lastKnownFileType = text.plist.xml; path = Info.plist; sourceTree = "<group>"; };
		9619AE5B1CB5F6ED00CBA6CB /* DJPhotoBrowserUITests.xctest */ = {isa = PBXFileReference; explicitFileType = wrapper.cfbundle; includeInIndex = 0; path = DJPhotoBrowserUITests.xctest; sourceTree = BUILT_PRODUCTS_DIR; };
		9619AE5F1CB5F6ED00CBA6CB /* DJPhotoBrowserUITests.m */ = {isa = PBXFileReference; lastKnownFileType = sourcecode.c.objc; path = DJPhotoBrowserUITests.m; sourceTree = "<group>"; };
		9619AE611CB5F6ED00CBA6CB /* Info.plist */ = {isa = PBXFileReference; lastKnownFileType = text.plist.xml; path = Info.plist; sourceTree = "<group>"; };
		9619AE6D1CB5F70300CBA6CB /* data.json */ = {isa = PBXFileReference; fileEncoding = 4; lastKnownFileType = text.json; path = data.json; sourceTree = "<group>"; };
		9619AE701CB5F78000CBA6CB /* DJBrowserImageView.h */ = {isa = PBXFileReference; fileEncoding = 4; lastKnownFileType = sourcecode.c.h; path = DJBrowserImageView.h; sourceTree = "<group>"; };
		9619AE711CB5F78000CBA6CB /* DJBrowserImageView.m */ = {isa = PBXFileReference; fileEncoding = 4; lastKnownFileType = sourcecode.c.objc; path = DJBrowserImageView.m; sourceTree = "<group>"; };
		9619AE721CB5F78000CBA6CB /* DJPhotoBrowser.h */ = {isa = PBXFileReference; fileEncoding = 4; lastKnownFileType = sourcecode.c.h; path = DJPhotoBrowser.h; sourceTree = "<group>"; };
		9619AE731CB5F78000CBA6CB /* DJPhotoBrowser.m */ = {isa = PBXFileReference; fileEncoding = 4; lastKnownFileType = sourcecode.c.objc; path = DJPhotoBrowser.m; sourceTree = "<group>"; };
		9619AE741CB5F78000CBA6CB /* DJPhotoBrowserConfig.h */ = {isa = PBXFileReference; fileEncoding = 4; lastKnownFileType = sourcecode.c.h; path = DJPhotoBrowserConfig.h; sourceTree = "<group>"; };
		9619AE751CB5F78000CBA6CB /* DJWaitingView.h */ = {isa = PBXFileReference; fileEncoding = 4; lastKnownFileType = sourcecode.c.h; path = DJWaitingView.h; sourceTree = "<group>"; };
		9619AE761CB5F78000CBA6CB /* DJWaitingView.m */ = {isa = PBXFileReference; fileEncoding = 4; lastKnownFileType = sourcecode.c.objc; path = DJWaitingView.m; sourceTree = "<group>"; };
		9619AEAC1CB6014D00CBA6CB /* CollectionViewCell.h */ = {isa = PBXFileReference; fileEncoding = 4; lastKnownFileType = sourcecode.c.h; path = CollectionViewCell.h; sourceTree = "<group>"; };
		9619AEAD1CB6014D00CBA6CB /* CollectionViewCell.m */ = {isa = PBXFileReference; fileEncoding = 4; lastKnownFileType = sourcecode.c.objc; path = CollectionViewCell.m; sourceTree = "<group>"; };
		9619AEAF1CB6025800CBA6CB /* place.png */ = {isa = PBXFileReference; lastKnownFileType = image.png; path = place.png; sourceTree = "<group>"; };
		E3FAE546CEF5AF37FB6B4326 /* libPods-DJPhotoBrowser.a */ = {isa = PBXFileReference; explicitFileType = archive.ar; includeInIndex = 0; path = "libPods-DJPhotoBrowser.a"; sourceTree = BUILT_PRODUCTS_DIR; };
/* End PBXFileReference section */

/* Begin PBXFrameworksBuildPhase section */
		9619AE341CB5F6EC00CBA6CB /* Frameworks */ = {
			isa = PBXFrameworksBuildPhase;
			buildActionMask = 2147483647;
			files = (
				A82A192BB374A597F688EE93 /* libPods-DJPhotoBrowser.a in Frameworks */,
			);
			runOnlyForDeploymentPostprocessing = 0;
		};
		9619AE4D1CB5F6EC00CBA6CB /* Frameworks */ = {
			isa = PBXFrameworksBuildPhase;
			buildActionMask = 2147483647;
			files = (
			);
			runOnlyForDeploymentPostprocessing = 0;
		};
		9619AE581CB5F6ED00CBA6CB /* Frameworks */ = {
			isa = PBXFrameworksBuildPhase;
			buildActionMask = 2147483647;
			files = (
			);
			runOnlyForDeploymentPostprocessing = 0;
		};
/* End PBXFrameworksBuildPhase section */

/* Begin PBXGroup section */
		9619AE2E1CB5F6EC00CBA6CB = {
			isa = PBXGroup;
			children = (
				9619AE391CB5F6EC00CBA6CB /* DJPhotoBrowser */,
				9619AE531CB5F6EC00CBA6CB /* DJPhotoBrowserTests */,
				9619AE5E1CB5F6ED00CBA6CB /* DJPhotoBrowserUITests */,
				9619AE381CB5F6EC00CBA6CB /* Products */,
				A1DDCCF0494D0A369983B6F4 /* Pods */,
				FDBD2D122C6F6936CE75E5F0 /* Frameworks */,
			);
			sourceTree = "<group>";
		};
		9619AE381CB5F6EC00CBA6CB /* Products */ = {
			isa = PBXGroup;
			children = (
				9619AE371CB5F6EC00CBA6CB /* DJPhotoBrowser.app */,
				9619AE501CB5F6EC00CBA6CB /* DJPhotoBrowserTests.xctest */,
				9619AE5B1CB5F6ED00CBA6CB /* DJPhotoBrowserUITests.xctest */,
			);
			name = Products;
			sourceTree = "<group>";
		};
		9619AE391CB5F6EC00CBA6CB /* DJPhotoBrowser */ = {
			isa = PBXGroup;
			children = (
				9619AE6D1CB5F70300CBA6CB /* data.json */,
				9619AEAF1CB6025800CBA6CB /* place.png */,
				9619AE6F1CB5F78000CBA6CB /* DJPhotoBrowser */,
				9619AE3D1CB5F6EC00CBA6CB /* AppDelegate.h */,
				9619AE3E1CB5F6EC00CBA6CB /* AppDelegate.m */,
				9619AE401CB5F6EC00CBA6CB /* ViewController.h */,
				9619AE411CB5F6EC00CBA6CB /* ViewController.m */,
				9619AEAC1CB6014D00CBA6CB /* CollectionViewCell.h */,
				9619AEAD1CB6014D00CBA6CB /* CollectionViewCell.m */,
				9619AE431CB5F6EC00CBA6CB /* Main.storyboard */,
				9619AE461CB5F6EC00CBA6CB /* Assets.xcassets */,
				9619AE481CB5F6EC00CBA6CB /* LaunchScreen.storyboard */,
				9619AE4B1CB5F6EC00CBA6CB /* Info.plist */,
				9619AE3A1CB5F6EC00CBA6CB /* Supporting Files */,
			);
			path = DJPhotoBrowser;
			sourceTree = "<group>";
		};
		9619AE3A1CB5F6EC00CBA6CB /* Supporting Files */ = {
			isa = PBXGroup;
			children = (
				9619AE3B1CB5F6EC00CBA6CB /* main.m */,
			);
			name = "Supporting Files";
			sourceTree = "<group>";
		};
		9619AE531CB5F6EC00CBA6CB /* DJPhotoBrowserTests */ = {
			isa = PBXGroup;
			children = (
				9619AE541CB5F6EC00CBA6CB /* DJPhotoBrowserTests.m */,
				9619AE561CB5F6EC00CBA6CB /* Info.plist */,
			);
			path = DJPhotoBrowserTests;
			sourceTree = "<group>";
		};
		9619AE5E1CB5F6ED00CBA6CB /* DJPhotoBrowserUITests */ = {
			isa = PBXGroup;
			children = (
				9619AE5F1CB5F6ED00CBA6CB /* DJPhotoBrowserUITests.m */,
				9619AE611CB5F6ED00CBA6CB /* Info.plist */,
			);
			path = DJPhotoBrowserUITests;
			sourceTree = "<group>";
		};
		9619AE6F1CB5F78000CBA6CB /* DJPhotoBrowser */ = {
			isa = PBXGroup;
			children = (
				9619AE701CB5F78000CBA6CB /* DJBrowserImageView.h */,
				9619AE711CB5F78000CBA6CB /* DJBrowserImageView.m */,
				9619AE721CB5F78000CBA6CB /* DJPhotoBrowser.h */,
				9619AE731CB5F78000CBA6CB /* DJPhotoBrowser.m */,
				9619AE741CB5F78000CBA6CB /* DJPhotoBrowserConfig.h */,
				9619AE751CB5F78000CBA6CB /* DJWaitingView.h */,
				9619AE761CB5F78000CBA6CB /* DJWaitingView.m */,
			);
			path = DJPhotoBrowser;
			sourceTree = "<group>";
		};
		A1DDCCF0494D0A369983B6F4 /* Pods */ = {
			isa = PBXGroup;
			children = (
				6F395D631340605161EF4B0D /* Pods-DJPhotoBrowser.debug.xcconfig */,
				637EC3C0DDCC79C137D9C469 /* Pods-DJPhotoBrowser.release.xcconfig */,
			);
			name = Pods;
			sourceTree = "<group>";
		};
		FDBD2D122C6F6936CE75E5F0 /* Frameworks */ = {
			isa = PBXGroup;
			children = (
				E3FAE546CEF5AF37FB6B4326 /* libPods-DJPhotoBrowser.a */,
			);
			name = Frameworks;
			sourceTree = "<group>";
		};
/* End PBXGroup section */

/* Begin PBXNativeTarget section */
		9619AE361CB5F6EC00CBA6CB /* DJPhotoBrowser */ = {
			isa = PBXNativeTarget;
			buildConfigurationList = 9619AE641CB5F6ED00CBA6CB /* Build configuration list for PBXNativeTarget "DJPhotoBrowser" */;
			buildPhases = (
				2B53F5CD800B34F715129DED /* Check Pods Manifest.lock */,
				9619AE331CB5F6EC00CBA6CB /* Sources */,
				9619AE341CB5F6EC00CBA6CB /* Frameworks */,
				9619AE351CB5F6EC00CBA6CB /* Resources */,
				530E4E004AAB228C9C9F7B33 /* Embed Pods Frameworks */,
				58581E21E545E37E6B862E3F /* Copy Pods Resources */,
			);
			buildRules = (
			);
			dependencies = (
			);
			name = DJPhotoBrowser;
			productName = DJPhotoBrowser;
			productReference = 9619AE371CB5F6EC00CBA6CB /* DJPhotoBrowser.app */;
			productType = "com.apple.product-type.application";
		};
		9619AE4F1CB5F6EC00CBA6CB /* DJPhotoBrowserTests */ = {
			isa = PBXNativeTarget;
			buildConfigurationList = 9619AE671CB5F6ED00CBA6CB /* Build configuration list for PBXNativeTarget "DJPhotoBrowserTests" */;
			buildPhases = (
				9619AE4C1CB5F6EC00CBA6CB /* Sources */,
				9619AE4D1CB5F6EC00CBA6CB /* Frameworks */,
				9619AE4E1CB5F6EC00CBA6CB /* Resources */,
			);
			buildRules = (
			);
			dependencies = (
				9619AE521CB5F6EC00CBA6CB /* PBXTargetDependency */,
			);
			name = DJPhotoBrowserTests;
			productName = DJPhotoBrowserTests;
			productReference = 9619AE501CB5F6EC00CBA6CB /* DJPhotoBrowserTests.xctest */;
			productType = "com.apple.product-type.bundle.unit-test";
		};
		9619AE5A1CB5F6ED00CBA6CB /* DJPhotoBrowserUITests */ = {
			isa = PBXNativeTarget;
			buildConfigurationList = 9619AE6A1CB5F6ED00CBA6CB /* Build configuration list for PBXNativeTarget "DJPhotoBrowserUITests" */;
			buildPhases = (
				9619AE571CB5F6ED00CBA6CB /* Sources */,
				9619AE581CB5F6ED00CBA6CB /* Frameworks */,
				9619AE591CB5F6ED00CBA6CB /* Resources */,
			);
			buildRules = (
			);
			dependencies = (
				9619AE5D1CB5F6ED00CBA6CB /* PBXTargetDependency */,
			);
			name = DJPhotoBrowserUITests;
			productName = DJPhotoBrowserUITests;
			productReference = 9619AE5B1CB5F6ED00CBA6CB /* DJPhotoBrowserUITests.xctest */;
			productType = "com.apple.product-type.bundle.ui-testing";
		};
/* End PBXNativeTarget section */

/* Begin PBXProject section */
		9619AE2F1CB5F6EC00CBA6CB /* Project object */ = {
			isa = PBXProject;
			attributes = {
				LastUpgradeCheck = 0730;
				ORGANIZATIONNAME = Jason;
				TargetAttributes = {
					9619AE361CB5F6EC00CBA6CB = {
						CreatedOnToolsVersion = 7.3;
					};
					9619AE4F1CB5F6EC00CBA6CB = {
						CreatedOnToolsVersion = 7.3;
						TestTargetID = 9619AE361CB5F6EC00CBA6CB;
					};
					9619AE5A1CB5F6ED00CBA6CB = {
						CreatedOnToolsVersion = 7.3;
						TestTargetID = 9619AE361CB5F6EC00CBA6CB;
					};
				};
			};
			buildConfigurationList = 9619AE321CB5F6EC00CBA6CB /* Build configuration list for PBXProject "DJPhotoBrowser" */;
			compatibilityVersion = "Xcode 3.2";
			developmentRegion = English;
			hasScannedForEncodings = 0;
			knownRegions = (
				en,
				Base,
			);
			mainGroup = 9619AE2E1CB5F6EC00CBA6CB;
			productRefGroup = 9619AE381CB5F6EC00CBA6CB /* Products */;
			projectDirPath = "";
			projectRoot = "";
			targets = (
				9619AE361CB5F6EC00CBA6CB /* DJPhotoBrowser */,
				9619AE4F1CB5F6EC00CBA6CB /* DJPhotoBrowserTests */,
				9619AE5A1CB5F6ED00CBA6CB /* DJPhotoBrowserUITests */,
			);
		};
/* End PBXProject section */

/* Begin PBXResourcesBuildPhase section */
		9619AE351CB5F6EC00CBA6CB /* Resources */ = {
			isa = PBXResourcesBuildPhase;
			buildActionMask = 2147483647;
			files = (
				9619AE4A1CB5F6EC00CBA6CB /* LaunchScreen.storyboard in Resources */,
				9619AE471CB5F6EC00CBA6CB /* Assets.xcassets in Resources */,
				9619AEB01CB6025800CBA6CB /* place.png in Resources */,
				9619AE451CB5F6EC00CBA6CB /* Main.storyboard in Resources */,
				9619AE6E1CB5F70300CBA6CB /* data.json in Resources */,
			);
			runOnlyForDeploymentPostprocessing = 0;
		};
		9619AE4E1CB5F6EC00CBA6CB /* Resources */ = {
			isa = PBXResourcesBuildPhase;
			buildActionMask = 2147483647;
			files = (
			);
			runOnlyForDeploymentPostprocessing = 0;
		};
		9619AE591CB5F6ED00CBA6CB /* Resources */ = {
			isa = PBXResourcesBuildPhase;
			buildActionMask = 2147483647;
			files = (
			);
			runOnlyForDeploymentPostprocessing = 0;
		};
/* End PBXResourcesBuildPhase section */

/* Begin PBXShellScriptBuildPhase section */
		2B53F5CD800B34F715129DED /* Check Pods Manifest.lock */ = {
			isa = PBXShellScriptBuildPhase;
			buildActionMask = 2147483647;
			files = (
			);
			inputPaths = (
			);
			name = "Check Pods Manifest.lock";
			outputPaths = (
			);
			runOnlyForDeploymentPostprocessing = 0;
			shellPath = /bin/sh;
			shellScript = "diff \"${PODS_ROOT}/../Podfile.lock\" \"${PODS_ROOT}/Manifest.lock\" > /dev/null\nif [[ $? != 0 ]] ; then\n    cat << EOM\nerror: The sandbox is not in sync with the Podfile.lock. Run 'pod install' or update your CocoaPods installation.\nEOM\n    exit 1\nfi\n";
			showEnvVarsInLog = 0;
		};
		530E4E004AAB228C9C9F7B33 /* Embed Pods Frameworks */ = {
			isa = PBXShellScriptBuildPhase;
			buildActionMask = 2147483647;
			files = (
			);
			inputPaths = (
			);
			name = "Embed Pods Frameworks";
			outputPaths = (
			);
			runOnlyForDeploymentPostprocessing = 0;
			shellPath = /bin/sh;
			shellScript = "\"${SRCROOT}/Pods/Target Support Files/Pods-DJPhotoBrowser/Pods-DJPhotoBrowser-frameworks.sh\"\n";
			showEnvVarsInLog = 0;
		};
		58581E21E545E37E6B862E3F /* Copy Pods Resources */ = {
			isa = PBXShellScriptBuildPhase;
			buildActionMask = 2147483647;
			files = (
			);
			inputPaths = (
			);
			name = "Copy Pods Resources";
			outputPaths = (
			);
			runOnlyForDeploymentPostprocessing = 0;
			shellPath = /bin/sh;
			shellScript = "\"${SRCROOT}/Pods/Target Support Files/Pods-DJPhotoBrowser/Pods-DJPhotoBrowser-resources.sh\"\n";
			showEnvVarsInLog = 0;
		};
/* End PBXShellScriptBuildPhase section */

/* Begin PBXSourcesBuildPhase section */
		9619AE331CB5F6EC00CBA6CB /* Sources */ = {
			isa = PBXSourcesBuildPhase;
			buildActionMask = 2147483647;
			files = (
				9619AE781CB5F78000CBA6CB /* DJPhotoBrowser.m in Sources */,
				9619AE771CB5F78000CBA6CB /* DJBrowserImageView.m in Sources */,
				9619AE421CB5F6EC00CBA6CB /* ViewController.m in Sources */,
				9619AEAE1CB6014D00CBA6CB /* CollectionViewCell.m in Sources */,
				9619AE3F1CB5F6EC00CBA6CB /* AppDelegate.m in Sources */,
				9619AE3C1CB5F6EC00CBA6CB /* main.m in Sources */,
				9619AE791CB5F78000CBA6CB /* DJWaitingView.m in Sources */,
			);
			runOnlyForDeploymentPostprocessing = 0;
		};
		9619AE4C1CB5F6EC00CBA6CB /* Sources */ = {
			isa = PBXSourcesBuildPhase;
			buildActionMask = 2147483647;
			files = (
				9619AE551CB5F6EC00CBA6CB /* DJPhotoBrowserTests.m in Sources */,
			);
			runOnlyForDeploymentPostprocessing = 0;
		};
		9619AE571CB5F6ED00CBA6CB /* Sources */ = {
			isa = PBXSourcesBuildPhase;
			buildActionMask = 2147483647;
			files = (
				9619AE601CB5F6ED00CBA6CB /* DJPhotoBrowserUITests.m in Sources */,
			);
			runOnlyForDeploymentPostprocessing = 0;
		};
/* End PBXSourcesBuildPhase section */

/* Begin PBXTargetDependency section */
		9619AE521CB5F6EC00CBA6CB /* PBXTargetDependency */ = {
			isa = PBXTargetDependency;
			target = 9619AE361CB5F6EC00CBA6CB /* DJPhotoBrowser */;
			targetProxy = 9619AE511CB5F6EC00CBA6CB /* PBXContainerItemProxy */;
		};
		9619AE5D1CB5F6ED00CBA6CB /* PBXTargetDependency */ = {
			isa = PBXTargetDependency;
			target = 9619AE361CB5F6EC00CBA6CB /* DJPhotoBrowser */;
			targetProxy = 9619AE5C1CB5F6ED00CBA6CB /* PBXContainerItemProxy */;
		};
/* End PBXTargetDependency section */

/* Begin PBXVariantGroup section */
		9619AE431CB5F6EC00CBA6CB /* Main.storyboard */ = {
			isa = PBXVariantGroup;
			children = (
				9619AE441CB5F6EC00CBA6CB /* Base */,
			);
			name = Main.storyboard;
			sourceTree = "<group>";
		};
		9619AE481CB5F6EC00CBA6CB /* LaunchScreen.storyboard */ = {
			isa = PBXVariantGroup;
			children = (
				9619AE491CB5F6EC00CBA6CB /* Base */,
			);
			name = LaunchScreen.storyboard;
			sourceTree = "<group>";
		};
/* End PBXVariantGroup section */

/* Begin XCBuildConfiguration section */
		9619AE621CB5F6ED00CBA6CB /* Debug */ = {
			isa = XCBuildConfiguration;
			buildSettings = {
				ALWAYS_SEARCH_USER_PATHS = NO;
				CLANG_ANALYZER_NONNULL = YES;
				CLANG_CXX_LANGUAGE_STANDARD = "gnu++0x";
				CLANG_CXX_LIBRARY = "libc++";
				CLANG_ENABLE_MODULES = YES;
				CLANG_ENABLE_OBJC_ARC = YES;
				CLANG_WARN_BOOL_CONVERSION = YES;
				CLANG_WARN_CONSTANT_CONVERSION = YES;
				CLANG_WARN_DIRECT_OBJC_ISA_USAGE = YES_ERROR;
				CLANG_WARN_EMPTY_BODY = YES;
				CLANG_WARN_ENUM_CONVERSION = YES;
				CLANG_WARN_INT_CONVERSION = YES;
				CLANG_WARN_OBJC_ROOT_CLASS = YES_ERROR;
				CLANG_WARN_UNREACHABLE_CODE = YES;
				CLANG_WARN__DUPLICATE_METHOD_MATCH = YES;
				"CODE_SIGN_IDENTITY[sdk=iphoneos*]" = "iPhone Developer";
				COPY_PHASE_STRIP = NO;
				DEBUG_INFORMATION_FORMAT = dwarf;
				ENABLE_STRICT_OBJC_MSGSEND = YES;
				ENABLE_TESTABILITY = YES;
				GCC_C_LANGUAGE_STANDARD = gnu99;
				GCC_DYNAMIC_NO_PIC = NO;
				GCC_NO_COMMON_BLOCKS = YES;
				GCC_OPTIMIZATION_LEVEL = 0;
				GCC_PREPROCESSOR_DEFINITIONS = (
					"DEBUG=1",
					"$(inherited)",
				);
				GCC_WARN_64_TO_32_BIT_CONVERSION = YES;
				GCC_WARN_ABOUT_RETURN_TYPE = YES_ERROR;
				GCC_WARN_UNDECLARED_SELECTOR = YES;
				GCC_WARN_UNINITIALIZED_AUTOS = YES_AGGRESSIVE;
				GCC_WARN_UNUSED_FUNCTION = YES;
				GCC_WARN_UNUSED_VARIABLE = YES;
				IPHONEOS_DEPLOYMENT_TARGET = 9.3;
				MTL_ENABLE_DEBUG_INFO = YES;
				ONLY_ACTIVE_ARCH = YES;
				SDKROOT = iphoneos;
				TARGETED_DEVICE_FAMILY = "1,2";
			};
			name = Debug;
		};
		9619AE631CB5F6ED00CBA6CB /* Release */ = {
			isa = XCBuildConfiguration;
			buildSettings = {
				ALWAYS_SEARCH_USER_PATHS = NO;
				CLANG_ANALYZER_NONNULL = YES;
				CLANG_CXX_LANGUAGE_STANDARD = "gnu++0x";
				CLANG_CXX_LIBRARY = "libc++";
				CLANG_ENABLE_MODULES = YES;
				CLANG_ENABLE_OBJC_ARC = YES;
				CLANG_WARN_BOOL_CONVERSION = YES;
				CLANG_WARN_CONSTANT_CONVERSION = YES;
				CLANG_WARN_DIRECT_OBJC_ISA_USAGE = YES_ERROR;
				CLANG_WARN_EMPTY_BODY = YES;
				CLANG_WARN_ENUM_CONVERSION = YES;
				CLANG_WARN_INT_CONVERSION = YES;
				CLANG_WARN_OBJC_ROOT_CLASS = YES_ERROR;
				CLANG_WARN_UNREACHABLE_CODE = YES;
				CLANG_WARN__DUPLICATE_METHOD_MATCH = YES;
				"CODE_SIGN_IDENTITY[sdk=iphoneos*]" = "iPhone Developer";
				COPY_PHASE_STRIP = NO;
				DEBUG_INFORMATION_FORMAT = "dwarf-with-dsym";
				ENABLE_NS_ASSERTIONS = NO;
				ENABLE_STRICT_OBJC_MSGSEND = YES;
				GCC_C_LANGUAGE_STANDARD = gnu99;
				GCC_NO_COMMON_BLOCKS = YES;
				GCC_WARN_64_TO_32_BIT_CONVERSION = YES;
				GCC_WARN_ABOUT_RETURN_TYPE = YES_ERROR;
				GCC_WARN_UNDECLARED_SELECTOR = YES;
				GCC_WARN_UNINITIALIZED_AUTOS = YES_AGGRESSIVE;
				GCC_WARN_UNUSED_FUNCTION = YES;
				GCC_WARN_UNUSED_VARIABLE = YES;
				IPHONEOS_DEPLOYMENT_TARGET = 9.3;
				MTL_ENABLE_DEBUG_INFO = NO;
				SDKROOT = iphoneos;
				TARGETED_DEVICE_FAMILY = "1,2";
				VALIDATE_PRODUCT = YES;
			};
			name = Release;
		};
		9619AE651CB5F6ED00CBA6CB /* Debug */ = {
			isa = XCBuildConfiguration;
			baseConfigurationReference = 6F395D631340605161EF4B0D /* Pods-DJPhotoBrowser.debug.xcconfig */;
			buildSettings = {
				ASSETCATALOG_COMPILER_APPICON_NAME = AppIcon;
				INFOPLIST_FILE = DJPhotoBrowser/Info.plist;
				IPHONEOS_DEPLOYMENT_TARGET = 8.0;
				LD_RUNPATH_SEARCH_PATHS = "$(inherited) @executable_path/Frameworks";
				PRODUCT_BUNDLE_IDENTIFIER = com.cocas.DJPhotoBrowser;
				PRODUCT_NAME = "$(TARGET_NAME)";
			};
			name = Debug;
		};
		9619AE661CB5F6ED00CBA6CB /* Release */ = {
			isa = XCBuildConfiguration;
			baseConfigurationReference = 637EC3C0DDCC79C137D9C469 /* Pods-DJPhotoBrowser.release.xcconfig */;
			buildSettings = {
				ASSETCATALOG_COMPILER_APPICON_NAME = AppIcon;
				INFOPLIST_FILE = DJPhotoBrowser/Info.plist;
				IPHONEOS_DEPLOYMENT_TARGET = 8.0;
				LD_RUNPATH_SEARCH_PATHS = "$(inherited) @executable_path/Frameworks";
				PRODUCT_BUNDLE_IDENTIFIER = com.cocas.DJPhotoBrowser;
				PRODUCT_NAME = "$(TARGET_NAME)";
			};
			name = Release;
		};
		9619AE681CB5F6ED00CBA6CB /* Debug */ = {
			isa = XCBuildConfiguration;
			buildSettings = {
				BUNDLE_LOADER = "$(TEST_HOST)";
				INFOPLIST_FILE = DJPhotoBrowserTests/Info.plist;
				LD_RUNPATH_SEARCH_PATHS = "$(inherited) @executable_path/Frameworks @loader_path/Frameworks";
				PRODUCT_BUNDLE_IDENTIFIER = com.cocas.DJPhotoBrowserTests;
				PRODUCT_NAME = "$(TARGET_NAME)";
				TEST_HOST = "$(BUILT_PRODUCTS_DIR)/DJPhotoBrowser.app/DJPhotoBrowser";
			};
			name = Debug;
		};
		9619AE691CB5F6ED00CBA6CB /* Release */ = {
			isa = XCBuildConfiguration;
			buildSettings = {
				BUNDLE_LOADER = "$(TEST_HOST)";
				INFOPLIST_FILE = DJPhotoBrowserTests/Info.plist;
				LD_RUNPATH_SEARCH_PATHS = "$(inherited) @executable_path/Frameworks @loader_path/Frameworks";
				PRODUCT_BUNDLE_IDENTIFIER = com.cocas.DJPhotoBrowserTests;
				PRODUCT_NAME = "$(TARGET_NAME)";
				TEST_HOST = "$(BUILT_PRODUCTS_DIR)/DJPhotoBrowser.app/DJPhotoBrowser";
			};
			name = Release;
		};
		9619AE6B1CB5F6ED00CBA6CB /* Debug */ = {
			isa = XCBuildConfiguration;
			buildSettings = {
				INFOPLIST_FILE = DJPhotoBrowserUITests/Info.plist;
				LD_RUNPATH_SEARCH_PATHS = "$(inherited) @executable_path/Frameworks @loader_path/Frameworks";
				PRODUCT_BUNDLE_IDENTIFIER = com.cocas.DJPhotoBrowserUITests;
				PRODUCT_NAME = "$(TARGET_NAME)";
				TEST_TARGET_NAME = DJPhotoBrowser;
			};
			name = Debug;
		};
		9619AE6C1CB5F6ED00CBA6CB /* Release */ = {
			isa = XCBuildConfiguration;
			buildSettings = {
				INFOPLIST_FILE = DJPhotoBrowserUITests/Info.plist;
				LD_RUNPATH_SEARCH_PATHS = "$(inherited) @executable_path/Frameworks @loader_path/Frameworks";
				PRODUCT_BUNDLE_IDENTIFIER = com.cocas.DJPhotoBrowserUITests;
				PRODUCT_NAME = "$(TARGET_NAME)";
				TEST_TARGET_NAME = DJPhotoBrowser;
			};
			name = Release;
		};
/* End XCBuildConfiguration section */

/* Begin XCConfigurationList section */
		9619AE321CB5F6EC00CBA6CB /* Build configuration list for PBXProject "DJPhotoBrowser" */ = {
			isa = XCConfigurationList;
			buildConfigurations = (
				9619AE621CB5F6ED00CBA6CB /* Debug */,
				9619AE631CB5F6ED00CBA6CB /* Release */,
			);
			defaultConfigurationIsVisible = 0;
			defaultConfigurationName = Release;
		};
		9619AE641CB5F6ED00CBA6CB /* Build configuration list for PBXNativeTarget "DJPhotoBrowser" */ = {
			isa = XCConfigurationList;
			buildConfigurations = (
				9619AE651CB5F6ED00CBA6CB /* Debug */,
				9619AE661CB5F6ED00CBA6CB /* Release */,
			);
			defaultConfigurationIsVisible = 0;
			defaultConfigurationName = Release;
		};
		9619AE671CB5F6ED00CBA6CB /* Build configuration list for PBXNativeTarget "DJPhotoBrowserTests" */ = {
			isa = XCConfigurationList;
			buildConfigurations = (
				9619AE681CB5F6ED00CBA6CB /* Debug */,
				9619AE691CB5F6ED00CBA6CB /* Release */,
			);
			defaultConfigurationIsVisible = 0;
			defaultConfigurationName = Release;
		};
		9619AE6A1CB5F6ED00CBA6CB /* Build configuration list for PBXNativeTarget "DJPhotoBrowserUITests" */ = {
			isa = XCConfigurationList;
			buildConfigurations = (
				9619AE6B1CB5F6ED00CBA6CB /* Debug */,
				9619AE6C1CB5F6ED00CBA6CB /* Release */,
			);
			defaultConfigurationIsVisible = 0;
			defaultConfigurationName = Release;
		};
/* End XCConfigurationList section */
	};
	rootObject = 9619AE2F1CB5F6EC00CBA6CB /* Project object */;
}
